
Microsoft Visual Studio Solution File, Format Version 12.00
# Visual Studio Version 16
VisualStudioVersion = 16.0.31613.86
MinimumVisualStudioVersion = 10.0.40219.1
Project("{FAE04EC0-301F-11D3-BF4B-00C04F79EFBC}") = "IncapsulareMasina", "IncapsulareMasina\IncapsulareMasina.csproj", "{E7CF0F3F-D900-478D-A74F-866099804AF0}"
EndProject
Global
	GlobalSection(SolutionConfigurationPlatforms) = preSolution
		Debug|Any CPU = Debug|Any CPU
		Release|Any CPU = Release|Any CPU
	EndGlobalSection
	GlobalSection(ProjectConfigurationPlatforms) = postSolution
		{E7CF0F3F-D900-478D-A74F-866099804AF0}.Debug|Any CPU.ActiveCfg = Debug|Any CPU
		{E7CF0F3F-D900-478D-A74F-866099804AF0}.Debug|Any CPU.Build.0 = Debug|Any CPU
		{E7CF0F3F-D900-478D-A74F-866099804AF0}.Release|Any CPU.ActiveCfg = Release|Any CPU
		{E7CF0F3F-D900-478D-A74F-866099804AF0}.Release|Any CPU.Build.0 = Release|Any CPU
	EndGlobalSection
	GlobalSection(SolutionProperties) = preSolution
		HideSolutionNode = FALSE
	EndGlobalSection
	GlobalSection(ExtensibilityGlobals) = postSolution
		SolutionGuid = {3AC62298-C838-4258-AE7B-7E7B440FF259}
	EndGlobalSection
EndGlobal
